
Microsoft Visual Studio Solution File, Format Version 12.00
# Visual Studio Version 17
VisualStudioVersion = 17.2.32630.192
MinimumVisualStudioVersion = 10.0.40219.1
Project("{FAE04EC0-301F-11D3-BF4B-00C04F79EFBC}") = "Presentacion", "Presentacion\Presentacion.csproj", "{18659DEB-F207-4B33-9140-03BB92362223}"
EndProject
Project("{FAE04EC0-301F-11D3-BF4B-00C04F79EFBC}") = "Dominio", "Dominio\Dominio.csproj", "{2D896424-5863-4C67-A678-CB73AB8EDA16}"
EndProject
Project("{FAE04EC0-301F-11D3-BF4B-00C04F79EFBC}") = "AccesoDatos", "AccesoDatos\AccesoDatos.csproj", "{FE85190F-EEC2-41E4-BF0C-697C07621125}"
EndProject
Project("{FAE04EC0-301F-11D3-BF4B-00C04F79EFBC}") = "Negocio", "Negocio\Negocio.csproj", "{E479A40B-E50E-4276-9413-E3B40278A232}"
EndProject
Global
	GlobalSection(SolutionConfigurationPlatforms) = preSolution
		Debug|Any CPU = Debug|Any CPU
		Release|Any CPU = Release|Any CPU
	EndGlobalSection
	GlobalSection(ProjectConfigurationPlatforms) = postSolution
		{18659DEB-F207-4B33-9140-03BB92362223}.Debug|Any CPU.ActiveCfg = Debug|Any CPU
		{18659DEB-F207-4B33-9140-03BB92362223}.Debug|Any CPU.Build.0 = Debug|Any CPU
		{18659DEB-F207-4B33-9140-03BB92362223}.Release|Any CPU.ActiveCfg = Release|Any CPU
		{18659DEB-F207-4B33-9140-03BB92362223}.Release|Any CPU.Build.0 = Release|Any CPU
		{2D896424-5863-4C67-A678-CB73AB8EDA16}.Debug|Any CPU.ActiveCfg = Debug|Any CPU
		{2D896424-5863-4C67-A678-CB73AB8EDA16}.Debug|Any CPU.Build.0 = Debug|Any CPU
		{2D896424-5863-4C67-A678-CB73AB8EDA16}.Release|Any CPU.ActiveCfg = Release|Any CPU
		{2D896424-5863-4C67-A678-CB73AB8EDA16}.Release|Any CPU.Build.0 = Release|Any CPU
		{FE85190F-EEC2-41E4-BF0C-697C07621125}.Debug|Any CPU.ActiveCfg = Debug|Any CPU
		{FE85190F-EEC2-41E4-BF0C-697C07621125}.Debug|Any CPU.Build.0 = Debug|Any CPU
		{FE85190F-EEC2-41E4-BF0C-697C07621125}.Release|Any CPU.ActiveCfg = Release|Any CPU
		{FE85190F-EEC2-41E4-BF0C-697C07621125}.Release|Any CPU.Build.0 = Release|Any CPU
		{E479A40B-E50E-4276-9413-E3B40278A232}.Debug|Any CPU.ActiveCfg = Debug|Any CPU
		{E479A40B-E50E-4276-9413-E3B40278A232}.Debug|Any CPU.Build.0 = Debug|Any CPU
		{E479A40B-E50E-4276-9413-E3B40278A232}.Release|Any CPU.ActiveCfg = Release|Any CPU
		{E479A40B-E50E-4276-9413-E3B40278A232}.Release|Any CPU.Build.0 = Release|Any CPU
	EndGlobalSection
	GlobalSection(SolutionProperties) = preSolution
		HideSolutionNode = FALSE
	EndGlobalSection
	GlobalSection(ExtensibilityGlobals) = postSolution
		SolutionGuid = {DBD4A1AC-EC0F-4AC7-851F-CA277978C457}
	EndGlobalSection
EndGlobal
